
Microsoft Visual Studio Solution File, Format Version 12.00
# Visual Studio Version 17
VisualStudioVersion = 17.0.32112.339
MinimumVisualStudioVersion = 10.0.40219.1
Project("{FAE04EC0-301F-11D3-BF4B-00C04F79EFBC}") = "Lab_2_RPG", "Lab_2_RPG.csproj", "{81E2A0FF-5BA3-4374-AEB1-3D1991839460}"
EndProject
Global
	GlobalSection(SolutionConfigurationPlatforms) = preSolution
		Debug|Any CPU = Debug|Any CPU
		Release|Any CPU = Release|Any CPU
	EndGlobalSection
	GlobalSection(ProjectConfigurationPlatforms) = postSolution
		{81E2A0FF-5BA3-4374-AEB1-3D1991839460}.Debug|Any CPU.ActiveCfg = Debug|Any CPU
		{81E2A0FF-5BA3-4374-AEB1-3D1991839460}.Debug|Any CPU.Build.0 = Debug|Any CPU
		{81E2A0FF-5BA3-4374-AEB1-3D1991839460}.Release|Any CPU.ActiveCfg = Release|Any CPU
		{81E2A0FF-5BA3-4374-AEB1-3D1991839460}.Release|Any CPU.Build.0 = Release|Any CPU
	EndGlobalSection
	GlobalSection(SolutionProperties) = preSolution
		HideSolutionNode = FALSE
	EndGlobalSection
	GlobalSection(ExtensibilityGlobals) = postSolution
		SolutionGuid = {78CA86BE-C9CA-4A6D-82BF-6669E7C40EF9}
	EndGlobalSection
EndGlobal
